
Microsoft Visual Studio Solution File, Format Version 12.00
# Visual Studio 2012
Project("{FAE04EC0-301F-11D3-BF4B-00C04F79EFBC}") = "Assignement3_02", "Assignement3_02\Assignement3_02.csproj", "{F479A9E8-B18B-4642-AB99-E6C3195DA5A3}"
EndProject
Global
	GlobalSection(SolutionConfigurationPlatforms) = preSolution
		Debug|Any CPU = Debug|Any CPU
		Release|Any CPU = Release|Any CPU
	EndGlobalSection
	GlobalSection(ProjectConfigurationPlatforms) = postSolution
		{F479A9E8-B18B-4642-AB99-E6C3195DA5A3}.Debug|Any CPU.ActiveCfg = Debug|Any CPU
		{F479A9E8-B18B-4642-AB99-E6C3195DA5A3}.Debug|Any CPU.Build.0 = Debug|Any CPU
		{F479A9E8-B18B-4642-AB99-E6C3195DA5A3}.Release|Any CPU.ActiveCfg = Release|Any CPU
		{F479A9E8-B18B-4642-AB99-E6C3195DA5A3}.Release|Any CPU.Build.0 = Release|Any CPU
	EndGlobalSection
	GlobalSection(SolutionProperties) = preSolution
		HideSolutionNode = FALSE
	EndGlobalSection
EndGlobal
